<Solution>
  <Configurations>
    <Platform Name="Any CPU" />
    <Platform Name="x64" />
    <Platform Name="x86" />
  </Configurations>

  <Project Path="KHHub.CrawlerSerivce/KHHub.CrawlerSerivce.csproj" />
  <Project Path="KHHub.CrawlerSerivce.Contracts/KHHub.CrawlerSerivce.Contracts.csproj" />
</Solution>
